
Microsoft Visual Studio Solution File, Format Version 12.00
# Visual Studio Version 16
VisualStudioVersion = 16.0.810.9
MinimumVisualStudioVersion = 10.0.40219.1
Project("{FAE04EC0-301F-11D3-BF4B-00C04F79EFBC}") = "BestBuyBestPractices", "BestBuyBestPractices\BestBuyBestPractices.csproj", "{006AB50A-0222-4F21-B4DE-14014B5E8B79}"
EndProject
Global
	GlobalSection(SolutionConfigurationPlatforms) = preSolution
		Debug|Any CPU = Debug|Any CPU
		Release|Any CPU = Release|Any CPU
	EndGlobalSection
	GlobalSection(ProjectConfigurationPlatforms) = postSolution
		{006AB50A-0222-4F21-B4DE-14014B5E8B79}.Debug|Any CPU.ActiveCfg = Debug|Any CPU
		{006AB50A-0222-4F21-B4DE-14014B5E8B79}.Debug|Any CPU.Build.0 = Debug|Any CPU
		{006AB50A-0222-4F21-B4DE-14014B5E8B79}.Release|Any CPU.ActiveCfg = Release|Any CPU
		{006AB50A-0222-4F21-B4DE-14014B5E8B79}.Release|Any CPU.Build.0 = Release|Any CPU
	EndGlobalSection
	GlobalSection(SolutionProperties) = preSolution
		HideSolutionNode = FALSE
	EndGlobalSection
	GlobalSection(ExtensibilityGlobals) = postSolution
		SolutionGuid = {3F8716CF-8C00-4DE0-ACF9-FFA555A22D2A}
	EndGlobalSection
EndGlobal
